
Microsoft Visual Studio Solution File, Format Version 12.00
# Visual Studio 15
VisualStudioVersion = 15.0.27428.2005
MinimumVisualStudioVersion = 10.0.40219.1
Project("{9A19103F-16F7-4668-BE54-9A1E7A4F7556}") = "BookFetcher", "BookFetcher\BookFetcher.csproj", "{139CCCE1-A6C0-4DB3-A52F-B25E32D233B9}"
EndProject
Project("{9A19103F-16F7-4668-BE54-9A1E7A4F7556}") = "BookDataProvider", "BookDataProvider\BookDataProvider.csproj", "{6F93249B-735B-4F4F-A88C-0A03E5C7450D}"
EndProject
Project("{9A19103F-16F7-4668-BE54-9A1E7A4F7556}") = "NewBookAPI", "NewBookAPI\NewBookAPI.csproj", "{C1F344F0-D998-442C-822D-FD0EF621C289}"
EndProject
Project("{FAE04EC0-301F-11D3-BF4B-00C04F79EFBC}") = "NewBookReact", "NewBookReact\NewBookReact.csproj", "{135E99A8-0840-4603-8D9C-F12A052AE3A3}"
EndProject
Global
	GlobalSection(SolutionConfigurationPlatforms) = preSolution
		Debug|Any CPU = Debug|Any CPU
		Release|Any CPU = Release|Any CPU
	EndGlobalSection
	GlobalSection(ProjectConfigurationPlatforms) = postSolution
		{139CCCE1-A6C0-4DB3-A52F-B25E32D233B9}.Debug|Any CPU.ActiveCfg = Debug|Any CPU
		{139CCCE1-A6C0-4DB3-A52F-B25E32D233B9}.Debug|Any CPU.Build.0 = Debug|Any CPU
		{139CCCE1-A6C0-4DB3-A52F-B25E32D233B9}.Release|Any CPU.ActiveCfg = Release|Any CPU
		{139CCCE1-A6C0-4DB3-A52F-B25E32D233B9}.Release|Any CPU.Build.0 = Release|Any CPU
		{6F93249B-735B-4F4F-A88C-0A03E5C7450D}.Debug|Any CPU.ActiveCfg = Debug|Any CPU
		{6F93249B-735B-4F4F-A88C-0A03E5C7450D}.Debug|Any CPU.Build.0 = Debug|Any CPU
		{6F93249B-735B-4F4F-A88C-0A03E5C7450D}.Release|Any CPU.ActiveCfg = Release|Any CPU
		{6F93249B-735B-4F4F-A88C-0A03E5C7450D}.Release|Any CPU.Build.0 = Release|Any CPU
		{C1F344F0-D998-442C-822D-FD0EF621C289}.Debug|Any CPU.ActiveCfg = Debug|Any CPU
		{C1F344F0-D998-442C-822D-FD0EF621C289}.Debug|Any CPU.Build.0 = Debug|Any CPU
		{C1F344F0-D998-442C-822D-FD0EF621C289}.Release|Any CPU.ActiveCfg = Release|Any CPU
		{C1F344F0-D998-442C-822D-FD0EF621C289}.Release|Any CPU.Build.0 = Release|Any CPU
		{135E99A8-0840-4603-8D9C-F12A052AE3A3}.Debug|Any CPU.ActiveCfg = Debug|Any CPU
		{135E99A8-0840-4603-8D9C-F12A052AE3A3}.Debug|Any CPU.Build.0 = Debug|Any CPU
		{135E99A8-0840-4603-8D9C-F12A052AE3A3}.Release|Any CPU.ActiveCfg = Release|Any CPU
		{135E99A8-0840-4603-8D9C-F12A052AE3A3}.Release|Any CPU.Build.0 = Release|Any CPU
	EndGlobalSection
	GlobalSection(SolutionProperties) = preSolution
		HideSolutionNode = FALSE
	EndGlobalSection
	GlobalSection(ExtensibilityGlobals) = postSolution
		SolutionGuid = {3A9BD5FF-63F7-45DE-A4B5-71E56B90A031}
	EndGlobalSection
EndGlobal
